
Microsoft Visual Studio Solution File, Format Version 12.00
# Visual Studio Version 17
VisualStudioVersion = 17.8.34408.163
MinimumVisualStudioVersion = 10.0.40219.1
Project("{FAE04EC0-301F-11D3-BF4B-00C04F79EFBC}") = "LabaratuvarYonetimSistemi", "LabaratuvarYonetimSistemi\LabaratuvarYonetimSistemi.csproj", "{AFC59420-3808-44FD-80FD-B1424A3DDE07}"
EndProject
Global
	GlobalSection(SolutionConfigurationPlatforms) = preSolution
		Debug|Any CPU = Debug|Any CPU
		Release|Any CPU = Release|Any CPU
	EndGlobalSection
	GlobalSection(ProjectConfigurationPlatforms) = postSolution
		{AFC59420-3808-44FD-80FD-B1424A3DDE07}.Debug|Any CPU.ActiveCfg = Debug|Any CPU
		{AFC59420-3808-44FD-80FD-B1424A3DDE07}.Debug|Any CPU.Build.0 = Debug|Any CPU
		{AFC59420-3808-44FD-80FD-B1424A3DDE07}.Release|Any CPU.ActiveCfg = Release|Any CPU
		{AFC59420-3808-44FD-80FD-B1424A3DDE07}.Release|Any CPU.Build.0 = Release|Any CPU
	EndGlobalSection
	GlobalSection(SolutionProperties) = preSolution
		HideSolutionNode = FALSE
	EndGlobalSection
	GlobalSection(ExtensibilityGlobals) = postSolution
		SolutionGuid = {41BF52BE-1802-4D80-B36D-97015B6F8710}
	EndGlobalSection
EndGlobal
